
Microsoft Visual Studio Solution File, Format Version 12.00
# Visual Studio Version 16
VisualStudioVersion = 16.0.30114.105
MinimumVisualStudioVersion = 10.0.40219.1
Project("{FAE04EC0-301F-11D3-BF4B-00C04F79EFBC}") = "EmulationGame", "EmulationGame\EmulationGame.csproj", "{1E2CACFE-A851-4C2B-9BE8-EA44360B5800}"
EndProject
Project("{FAE04EC0-301F-11D3-BF4B-00C04F79EFBC}") = "Parts", "Parts\Parts.csproj", "{6A3E4334-D077-49A0-94A2-0C30FEC44ABE}"
EndProject
Global
	GlobalSection(SolutionConfigurationPlatforms) = preSolution
		Debug|Any CPU = Debug|Any CPU
		Release|Any CPU = Release|Any CPU
	EndGlobalSection
	GlobalSection(SolutionProperties) = preSolution
		HideSolutionNode = FALSE
	EndGlobalSection
	GlobalSection(ProjectConfigurationPlatforms) = postSolution
		{1E2CACFE-A851-4C2B-9BE8-EA44360B5800}.Debug|Any CPU.ActiveCfg = Debug|Any CPU
		{1E2CACFE-A851-4C2B-9BE8-EA44360B5800}.Debug|Any CPU.Build.0 = Debug|Any CPU
		{1E2CACFE-A851-4C2B-9BE8-EA44360B5800}.Release|Any CPU.ActiveCfg = Release|Any CPU
		{1E2CACFE-A851-4C2B-9BE8-EA44360B5800}.Release|Any CPU.Build.0 = Release|Any CPU
		{6A3E4334-D077-49A0-94A2-0C30FEC44ABE}.Debug|Any CPU.ActiveCfg = Debug|Any CPU
		{6A3E4334-D077-49A0-94A2-0C30FEC44ABE}.Debug|Any CPU.Build.0 = Debug|Any CPU
		{6A3E4334-D077-49A0-94A2-0C30FEC44ABE}.Release|Any CPU.ActiveCfg = Release|Any CPU
		{6A3E4334-D077-49A0-94A2-0C30FEC44ABE}.Release|Any CPU.Build.0 = Release|Any CPU
	EndGlobalSection
EndGlobal
